
Microsoft Visual Studio Solution File, Format Version 12.00
# Visual Studio 15
VisualStudioVersion = 15.0.27703.2035
MinimumVisualStudioVersion = 10.0.40219.1
Project("{FAE04EC0-301F-11D3-BF4B-00C04F79EFBC}") = "HelloBattery", "HelloBattery\HelloBattery.csproj", "{8D58BFB4-FE4E-462C-8181-7CC599ECFC7B}"
EndProject
Global
	GlobalSection(SolutionConfigurationPlatforms) = preSolution
		Debug|ARM = Debug|ARM
		Debug|x64 = Debug|x64
		Debug|x86 = Debug|x86
		Release|ARM = Release|ARM
		Release|x64 = Release|x64
		Release|x86 = Release|x86
	EndGlobalSection
	GlobalSection(ProjectConfigurationPlatforms) = postSolution
		{8D58BFB4-FE4E-462C-8181-7CC599ECFC7B}.Debug|ARM.ActiveCfg = Debug|ARM
		{8D58BFB4-FE4E-462C-8181-7CC599ECFC7B}.Debug|ARM.Build.0 = Debug|ARM
		{8D58BFB4-FE4E-462C-8181-7CC599ECFC7B}.Debug|ARM.Deploy.0 = Debug|ARM
		{8D58BFB4-FE4E-462C-8181-7CC599ECFC7B}.Debug|x64.ActiveCfg = Debug|x64
		{8D58BFB4-FE4E-462C-8181-7CC599ECFC7B}.Debug|x64.Build.0 = Debug|x64
		{8D58BFB4-FE4E-462C-8181-7CC599ECFC7B}.Debug|x64.Deploy.0 = Debug|x64
		{8D58BFB4-FE4E-462C-8181-7CC599ECFC7B}.Debug|x86.ActiveCfg = Debug|x86
		{8D58BFB4-FE4E-462C-8181-7CC599ECFC7B}.Debug|x86.Build.0 = Debug|x86
		{8D58BFB4-FE4E-462C-8181-7CC599ECFC7B}.Debug|x86.Deploy.0 = Debug|x86
		{8D58BFB4-FE4E-462C-8181-7CC599ECFC7B}.Release|ARM.ActiveCfg = Release|ARM
		{8D58BFB4-FE4E-462C-8181-7CC599ECFC7B}.Release|ARM.Build.0 = Release|ARM
		{8D58BFB4-FE4E-462C-8181-7CC599ECFC7B}.Release|ARM.Deploy.0 = Release|ARM
		{8D58BFB4-FE4E-462C-8181-7CC599ECFC7B}.Release|x64.ActiveCfg = Release|x64
		{8D58BFB4-FE4E-462C-8181-7CC599ECFC7B}.Release|x64.Build.0 = Release|x64
		{8D58BFB4-FE4E-462C-8181-7CC599ECFC7B}.Release|x64.Deploy.0 = Release|x64
		{8D58BFB4-FE4E-462C-8181-7CC599ECFC7B}.Release|x86.ActiveCfg = Release|x86
		{8D58BFB4-FE4E-462C-8181-7CC599ECFC7B}.Release|x86.Build.0 = Release|x86
		{8D58BFB4-FE4E-462C-8181-7CC599ECFC7B}.Release|x86.Deploy.0 = Release|x86
	EndGlobalSection
	GlobalSection(SolutionProperties) = preSolution
		HideSolutionNode = FALSE
	EndGlobalSection
	GlobalSection(ExtensibilityGlobals) = postSolution
		SolutionGuid = {EFFFD1A4-8C2D-467B-ACA4-BB9F9A1ECDB0}
	EndGlobalSection
EndGlobal
